PODS:
  - Flutter (1.0.0)
  - integration_test (0.0.1):
    - Flutter
  - my_device_info (0.0.1):
    - Flutter

DEPENDENCIES:
  - Flutter (from `Flutter`)
  - integration_test (from `.symlinks/plugins/integration_test/ios`)
  - my_device_info (from `.symlinks/plugins/my_device_info/ios`)

EXTERNAL SOURCES:
  Flutter:
    :path: Flutter
  integration_test:
    :path: ".symlinks/plugins/integration_test/ios"
  my_device_info:
    :path: ".symlinks/plugins/my_device_info/ios"

SPEC CHECKSUMS:
  Flutter: e0871f40cf51350855a761d2e70bf5af5b9b5de7
  integration_test: 252f60fa39af5e17c3aa9899d35d908a0721b573
  my_device_info: 6b334b9d4d9de020a3e1ad9d62db2347e66c1ff5

PODFILE CHECKSUM: 819463e6a0290f5a72f145ba7cde16e8b6ef0796

COCOAPODS: 1.16.2
